
Microsoft Visual Studio Solution File, Format Version 12.00
# Visual Studio Version 16
VisualStudioVersion = 16.0.30225.117
MinimumVisualStudioVersion = 10.0.40219.1
Project("{FAE04EC0-301F-11D3-BF4B-00C04F79EFBC}") = "WebAppWithDockerExmample", "WebAppWithDockerExmample\WebAppWithDockerExmample.csproj", "{A30D6BF6-CDBA-4988-9966-B37F8C20B714}"
EndProject
Project("{2150E333-8FDC-42A3-9474-1A3956D46DE8}") = "root", "root", "{FC300E71-B900-4FA4-AAF9-4670ED08F35E}"
	ProjectSection(SolutionItems) = preProject
		.gitignore = .gitignore
	EndProjectSection
EndProject
Global
	GlobalSection(SolutionConfigurationPlatforms) = preSolution
		Debug|Any CPU = Debug|Any CPU
		Release|Any CPU = Release|Any CPU
	EndGlobalSection
	GlobalSection(ProjectConfigurationPlatforms) = postSolution
		{A30D6BF6-CDBA-4988-9966-B37F8C20B714}.Debug|Any CPU.ActiveCfg = Debug|Any CPU
		{A30D6BF6-CDBA-4988-9966-B37F8C20B714}.Debug|Any CPU.Build.0 = Debug|Any CPU
		{A30D6BF6-CDBA-4988-9966-B37F8C20B714}.Release|Any CPU.ActiveCfg = Release|Any CPU
		{A30D6BF6-CDBA-4988-9966-B37F8C20B714}.Release|Any CPU.Build.0 = Release|Any CPU
	EndGlobalSection
	GlobalSection(SolutionProperties) = preSolution
		HideSolutionNode = FALSE
	EndGlobalSection
	GlobalSection(ExtensibilityGlobals) = postSolution
		SolutionGuid = {8F11713B-CA1E-480F-AA1D-2AB06E0C197D}
	EndGlobalSection
EndGlobal
